// !$*UTF8*$!
{
	archiveVersion = 1;
	classes = {
	};
	objectVersion = 46;
	objects = {

/* Begin PBXBuildFile section */
		4ABF41991BCA3D5200E836DC /* GPXViewController.swift in Sources */ = {isa = PBXBuildFile; fileRef = 4ABF41981BCA3D5200E836DC /* GPXViewController.swift */; settings = {ASSET_TAGS = (); }; };
		4ABF419B1BCA47A300E836DC /* GPX.swift in Sources */ = {isa = PBXBuildFile; fileRef = 4ABF419A1BCA47A300E836DC /* GPX.swift */; settings = {ASSET_TAGS = (); }; };
		4ABF419D1BCBA5C400E836DC /* MKGPX.swift in Sources */ = {isa = PBXBuildFile; fileRef = 4ABF419C1BCBA5C400E836DC /* MKGPX.swift */; settings = {ASSET_TAGS = (); }; };
		4ABF419F1BCBBA1C00E836DC /* ImageViewController.swift in Sources */ = {isa = PBXBuildFile; fileRef = 4ABF419E1BCBBA1C00E836DC /* ImageViewController.swift */; settings = {ASSET_TAGS = (); }; };
		4ABF41E11BCFFF7400E836DC /* EditWaypointViewController.swift in Sources */ = {isa = PBXBuildFile; fileRef = 4ABF41E01BCFFF7400E836DC /* EditWaypointViewController.swift */; settings = {ASSET_TAGS = (); }; };
		4AC7BBBE1BC663550001BAE0 /* AppDelegate.swift in Sources */ = {isa = PBXBuildFile; fileRef = 4AC7BBBD1BC663550001BAE0 /* AppDelegate.swift */; };
		4AC7BBC31BC663550001BAE0 /* Main.storyboard in Resources */ = {isa = PBXBuildFile; fileRef = 4AC7BBC11BC663550001BAE0 /* Main.storyboard */; };
		4AC7BBC51BC663550001BAE0 /* Assets.xcassets in Resources */ = {isa = PBXBuildFile; fileRef = 4AC7BBC41BC663550001BAE0 /* Assets.xcassets */; };
		4AC7BBC81BC663550001BAE0 /* LaunchScreen.storyboard in Resources */ = {isa = PBXBuildFile; fileRef = 4AC7BBC61BC663550001BAE0 /* LaunchScreen.storyboard */; };
		4AC7BBD31BC663550001BAE0 /* TraxTests.swift in Sources */ = {isa = PBXBuildFile; fileRef = 4AC7BBD21BC663550001BAE0 /* TraxTests.swift */; };
		4AC7BBDE1BC663550001BAE0 /* TraxUITests.swift in Sources */ = {isa = PBXBuildFile; fileRef = 4AC7BBDD1BC663550001BAE0 /* TraxUITests.swift */; };
/* End PBXBuildFile section */

/* Begin PBXContainerItemProxy section */
		4AC7BBCF1BC663550001BAE0 /* PBXContainerItemProxy */ = {
			isa = PBXContainerItemProxy;
			containerPortal = 4AC7BBB21BC663550001BAE0 /* Project object */;
			proxyType = 1;
			remoteGlobalIDString = 4AC7BBB91BC663550001BAE0;
			remoteInfo = Trax;
		};
		4AC7BBDA1BC663550001BAE0 /* PBXContainerItemProxy */ = {
			isa = PBXContainerItemProxy;
			containerPortal = 4AC7BBB21BC663550001BAE0 /* Project object */;
			proxyType = 1;
			remoteGlobalIDString = 4AC7BBB91BC663550001BAE0;
			remoteInfo = Trax;
		};
/* End PBXContainerItemProxy section */

/* Begin PBXFileReference section */
		4ABF41981BCA3D5200E836DC /* GPXViewController.swift */ = {isa = PBXFileReference; fileEncoding = 4; lastKnownFileType = sourcecode.swift; path = GPXViewController.swift; sourceTree = "<group>"; };
		4ABF419A1BCA47A300E836DC /* GPX.swift */ = {isa = PBXFileReference; fileEncoding = 4; lastKnownFileType = sourcecode.swift; path = GPX.swift; sourceTree = "<group>"; };
		4ABF419C1BCBA5C400E836DC /* MKGPX.swift */ = {isa = PBXFileReference; fileEncoding = 4; lastKnownFileType = sourcecode.swift; path = MKGPX.swift; sourceTree = "<group>"; };
		4ABF419E1BCBBA1C00E836DC /* ImageViewController.swift */ = {isa = PBXFileReference; fileEncoding = 4; lastKnownFileType = sourcecode.swift; path = ImageViewController.swift; sourceTree = "<group>"; };
		4ABF41E01BCFFF7400E836DC /* EditWaypointViewController.swift */ = {isa = PBXFileReference; fileEncoding = 4; lastKnownFileType = sourcecode.swift; path = EditWaypointViewController.swift; sourceTree = "<group>"; };
		4AC7BBBA1BC663550001BAE0 /* Trax.app */ = {isa = PBXFileReference; explicitFileType = wrapper.application; includeInIndex = 0; path = Trax.app; sourceTree = BUILT_PRODUCTS_DIR; };
		4AC7BBBD1BC663550001BAE0 /* AppDelegate.swift */ = {isa = PBXFileReference; lastKnownFileType = sourcecode.swift; path = AppDelegate.swift; sourceTree = "<group>"; };
		4AC7BBC21BC663550001BAE0 /* Base */ = {isa = PBXFileReference; lastKnownFileType = file.storyboard; name = Base; path = Base.lproj/Main.storyboard; sourceTree = "<group>"; };
		4AC7BBC41BC663550001BAE0 /* Assets.xcassets */ = {isa = PBXFileReference; lastKnownFileType = folder.assetcatalog; path = Assets.xcassets; sourceTree = "<group>"; };
		4AC7BBC71BC663550001BAE0 /* Base */ = {isa = PBXFileReference; lastKnownFileType = file.storyboard; name = Base; path = Base.lproj/LaunchScreen.storyboard; sourceTree = "<group>"; };
		4AC7BBC91BC663550001BAE0 /* Info.plist */ = {isa = PBXFileReference; lastKnownFileType = text.plist.xml; path = Info.plist; sourceTree = "<group>"; };
		4AC7BBCE1BC663550001BAE0 /* TraxTests.xctest */ = {isa = PBXFileReference; explicitFileType = wrapper.cfbundle; includeInIndex = 0; path = TraxTests.xctest; sourceTree = BUILT_PRODUCTS_DIR; };
		4AC7BBD21BC663550001BAE0 /* TraxTests.swift */ = {isa = PBXFileReference; lastKnownFileType = sourcecode.swift; path = TraxTests.swift; sourceTree = "<group>"; };
		4AC7BBD41BC663550001BAE0 /* Info.plist */ = {isa = PBXFileReference; lastKnownFileType = text.plist.xml; path = Info.plist; sourceTree = "<group>"; };
		4AC7BBD91BC663550001BAE0 /* TraxUITests.xctest */ = {isa = PBXFileReference; explicitFileType = wrapper.cfbundle; includeInIndex = 0; path = TraxUITests.xctest; sourceTree = BUILT_PRODUCTS_DIR; };
		4AC7BBDD1BC663550001BAE0 /* TraxUITests.swift */ = {isa = PBXFileReference; lastKnownFileType = sourcecode.swift; path = TraxUITests.swift; sourceTree = "<group>"; };
		4AC7BBDF1BC663550001BAE0 /* Info.plist */ = {isa = PBXFileReference; lastKnownFileType = text.plist.xml; path = Info.plist; sourceTree = "<group>"; };
/* End PBXFileReference section */

/* Begin PBXFrameworksBuildPhase section */
		4AC7BBB71BC663550001BAE0 /* Frameworks */ = {
			isa = PBXFrameworksBuildPhase;
			buildActionMask = 2147483647;
			files = (
			);
			runOnlyForDeploymentPostprocessing = 0;
		};
		4AC7BBCB1BC663550001BAE0 /* Frameworks */ = {
			isa = PBXFrameworksBuildPhase;
			buildActionMask = 2147483647;
			files = (
			);
			runOnlyForDeploymentPostprocessing = 0;
		};
		4AC7BBD61BC663550001BAE0 /* Frameworks */ = {
			isa = PBXFrameworksBuildPhase;
			buildActionMask = 2147483647;
			files = (
			);
			runOnlyForDeploymentPostprocessing = 0;
		};
/* End PBXFrameworksBuildPhase section */

/* Begin PBXGroup section */
		4AC7BBB11BC663550001BAE0 = {
			isa = PBXGroup;
			children = (
				4AC7BBBC1BC663550001BAE0 /* Trax */,
				4AC7BBD11BC663550001BAE0 /* TraxTests */,
				4AC7BBDC1BC663550001BAE0 /* TraxUITests */,
				4AC7BBBB1BC663550001BAE0 /* Products */,
			);
			sourceTree = "<group>";
		};
		4AC7BBBB1BC663550001BAE0 /* Products */ = {
			isa = PBXGroup;
			children = (
				4AC7BBBA1BC663550001BAE0 /* Trax.app */,
				4AC7BBCE1BC663550001BAE0 /* TraxTests.xctest */,
				4AC7BBD91BC663550001BAE0 /* TraxUITests.xctest */,
			);
			name = Products;
			sourceTree = "<group>";
		};
		4AC7BBBC1BC663550001BAE0 /* Trax */ = {
			isa = PBXGroup;
			children = (
				4ABF419A1BCA47A300E836DC /* GPX.swift */,
				4ABF419C1BCBA5C400E836DC /* MKGPX.swift */,
				4AC7BBBD1BC663550001BAE0 /* AppDelegate.swift */,
				4ABF41981BCA3D5200E836DC /* GPXViewController.swift */,
				4ABF419E1BCBBA1C00E836DC /* ImageViewController.swift */,
				4AC7BBC11BC663550001BAE0 /* Main.storyboard */,
				4ABF41E01BCFFF7400E836DC /* EditWaypointViewController.swift */,
				4AC7BBC41BC663550001BAE0 /* Assets.xcassets */,
				4AC7BBC61BC663550001BAE0 /* LaunchScreen.storyboard */,
				4AC7BBC91BC663550001BAE0 /* Info.plist */,
			);
			path = Trax;
			sourceTree = "<group>";
		};
		4AC7BBD11BC663550001BAE0 /* TraxTests */ = {
			isa = PBXGroup;
			children = (
				4AC7BBD21BC663550001BAE0 /* TraxTests.swift */,
				4AC7BBD41BC663550001BAE0 /* Info.plist */,
			);
			path = TraxTests;
			sourceTree = "<group>";
		};
		4AC7BBDC1BC663550001BAE0 /* TraxUITests */ = {
			isa = PBXGroup;
			children = (
				4AC7BBDD1BC663550001BAE0 /* TraxUITests.swift */,
				4AC7BBDF1BC663550001BAE0 /* Info.plist */,
			);
			path = TraxUITests;
			sourceTree = "<group>";
		};
/* End PBXGroup section */

/* Begin PBXNativeTarget section */
		4AC7BBB91BC663550001BAE0 /* Trax */ = {
			isa = PBXNativeTarget;
			buildConfigurationList = 4AC7BBE21BC663550001BAE0 /* Build configuration list for PBXNativeTarget "Trax" */;
			buildPhases = (
				4AC7BBB61BC663550001BAE0 /* Sources */,
				4AC7BBB71BC663550001BAE0 /* Frameworks */,
				4AC7BBB81BC663550001BAE0 /* Resources */,
			);
			buildRules = (
			);
			dependencies = (
			);
			name = Trax;
			productName = Trax;
			productReference = 4AC7BBBA1BC663550001BAE0 /* Trax.app */;
			productType = "com.apple.product-type.application";
		};
		4AC7BBCD1BC663550001BAE0 /* TraxTests */ = {
			isa = PBXNativeTarget;
			buildConfigurationList = 4AC7BBE51BC663550001BAE0 /* Build configuration list for PBXNativeTarget "TraxTests" */;
			buildPhases = (
				4AC7BBCA1BC663550001BAE0 /* Sources */,
				4AC7BBCB1BC663550001BAE0 /* Frameworks */,
				4AC7BBCC1BC663550001BAE0 /* Resources */,
			);
			buildRules = (
			);
			dependencies = (
				4AC7BBD01BC663550001BAE0 /* PBXTargetDependency */,
			);
			name = TraxTests;
			productName = TraxTests;
			productReference = 4AC7BBCE1BC663550001BAE0 /* TraxTests.xctest */;
			productType = "com.apple.product-type.bundle.unit-test";
		};
		4AC7BBD81BC663550001BAE0 /* TraxUITests */ = {
			isa = PBXNativeTarget;
			buildConfigurationList = 4AC7BBE81BC663550001BAE0 /* Build configuration list for PBXNativeTarget "TraxUITests" */;
			buildPhases = (
				4AC7BBD51BC663550001BAE0 /* Sources */,
				4AC7BBD61BC663550001BAE0 /* Frameworks */,
				4AC7BBD71BC663550001BAE0 /* Resources */,
			);
			buildRules = (
			);
			dependencies = (
				4AC7BBDB1BC663550001BAE0 /* PBXTargetDependency */,
			);
			name = TraxUITests;
			productName = TraxUITests;
			productReference = 4AC7BBD91BC663550001BAE0 /* TraxUITests.xctest */;
			productType = "com.apple.product-type.bundle.ui-testing";
		};
/* End PBXNativeTarget section */

/* Begin PBXProject section */
		4AC7BBB21BC663550001BAE0 /* Project object */ = {
			isa = PBXProject;
			attributes = {
				LastUpgradeCheck = 0700;
				ORGANIZATIONNAME = nevercry;
				TargetAttributes = {
					4AC7BBB91BC663550001BAE0 = {
						CreatedOnToolsVersion = 7.0.1;
						DevelopmentTeam = L8463XAM23;
					};
					4AC7BBCD1BC663550001BAE0 = {
						CreatedOnToolsVersion = 7.0.1;
						DevelopmentTeam = L8463XAM23;
						TestTargetID = 4AC7BBB91BC663550001BAE0;
					};
					4AC7BBD81BC663550001BAE0 = {
						CreatedOnToolsVersion = 7.0.1;
						DevelopmentTeam = L8463XAM23;
						TestTargetID = 4AC7BBB91BC663550001BAE0;
					};
				};
			};
			buildConfigurationList = 4AC7BBB51BC663550001BAE0 /* Build configuration list for PBXProject "Trax" */;
			compatibilityVersion = "Xcode 3.2";
			developmentRegion = English;
			hasScannedForEncodings = 0;
			knownRegions = (
				en,
				Base,
			);
			mainGroup = 4AC7BBB11BC663550001BAE0;
			productRefGroup = 4AC7BBBB1BC663550001BAE0 /* Products */;
			projectDirPath = "";
			projectRoot = "";
			targets = (
				4AC7BBB91BC663550001BAE0 /* Trax */,
				4AC7BBCD1BC663550001BAE0 /* TraxTests */,
				4AC7BBD81BC663550001BAE0 /* TraxUITests */,
			);
		};
/* End PBXProject section */

/* Begin PBXResourcesBuildPhase section */
		4AC7BBB81BC663550001BAE0 /* Resources */ = {
			isa = PBXResourcesBuildPhase;
			buildActionMask = 2147483647;
			files = (
				4AC7BBC81BC663550001BAE0 /* LaunchScreen.storyboard in Resources */,
				4AC7BBC51BC663550001BAE0 /* Assets.xcassets in Resources */,
				4AC7BBC31BC663550001BAE0 /* Main.storyboard in Resources */,
			);
			runOnlyForDeploymentPostprocessing = 0;
		};
		4AC7BBCC1BC663550001BAE0 /* Resources */ = {
			isa = PBXResourcesBuildPhase;
			buildActionMask = 2147483647;
			files = (
			);
			runOnlyForDeploymentPostprocessing = 0;
		};
		4AC7BBD71BC663550001BAE0 /* Resources */ = {
			isa = PBXResourcesBuildPhase;
			buildActionMask = 2147483647;
			files = (
			);
			runOnlyForDeploymentPostprocessing = 0;
		};
/* End PBXResourcesBuildPhase section */

/* Begin PBXSourcesBuildPhase section */
		4AC7BBB61BC663550001BAE0 /* Sources */ = {
			isa = PBXSourcesBuildPhase;
			buildActionMask = 2147483647;
			files = (
				4AC7BBBE1BC663550001BAE0 /* AppDelegate.swift in Sources */,
				4ABF419D1BCBA5C400E836DC /* MKGPX.swift in Sources */,
				4ABF41E11BCFFF7400E836DC /* EditWaypointViewController.swift in Sources */,
				4ABF419F1BCBBA1C00E836DC /* ImageViewController.swift in Sources */,
				4ABF41991BCA3D5200E836DC /* GPXViewController.swift in Sources */,
				4ABF419B1BCA47A300E836DC /* GPX.swift in Sources */,
			);
			runOnlyForDeploymentPostprocessing = 0;
		};
		4AC7BBCA1BC663550001BAE0 /* Sources */ = {
			isa = PBXSourcesBuildPhase;
			buildActionMask = 2147483647;
			files = (
				4AC7BBD31BC663550001BAE0 /* TraxTests.swift in Sources */,
			);
			runOnlyForDeploymentPostprocessing = 0;
		};
		4AC7BBD51BC663550001BAE0 /* Sources */ = {
			isa = PBXSourcesBuildPhase;
			buildActionMask = 2147483647;
			files = (
				4AC7BBDE1BC663550001BAE0 /* TraxUITests.swift in Sources */,
			);
			runOnlyForDeploymentPostprocessing = 0;
		};
/* End PBXSourcesBuildPhase section */

/* Begin PBXTargetDependency section */
		4AC7BBD01BC663550001BAE0 /* PBXTargetDependency */ = {
			isa = PBXTargetDependency;
			target = 4AC7BBB91BC663550001BAE0 /* Trax */;
			targetProxy = 4AC7BBCF1BC663550001BAE0 /* PBXContainerItemProxy */;
		};
		4AC7BBDB1BC663550001BAE0 /* PBXTargetDependency */ = {
			isa = PBXTargetDependency;
			target = 4AC7BBB91BC663550001BAE0 /* Trax */;
			targetProxy = 4AC7BBDA1BC663550001BAE0 /* PBXContainerItemProxy */;
		};
/* End PBXTargetDependency section */

/* Begin PBXVariantGroup section */
		4AC7BBC11BC663550001BAE0 /* Main.storyboard */ = {
			isa = PBXVariantGroup;
			children = (
				4AC7BBC21BC663550001BAE0 /* Base */,
			);
			name = Main.storyboard;
			sourceTree = "<group>";
		};
		4AC7BBC61BC663550001BAE0 /* LaunchScreen.storyboard */ = {
			isa = PBXVariantGroup;
			children = (
				4AC7BBC71BC663550001BAE0 /* Base */,
			);
			name = LaunchScreen.storyboard;
			sourceTree = "<group>";
		};
/* End PBXVariantGroup section */

/* Begin XCBuildConfiguration section */
		4AC7BBE01BC663550001BAE0 /* Debug */ = {
			isa = XCBuildConfiguration;
			buildSettings = {
				ALWAYS_SEARCH_USER_PATHS = NO;
				CLANG_CXX_LANGUAGE_STANDARD = "gnu++0x";
				CLANG_CXX_LIBRARY = "libc++";
				CLANG_ENABLE_MODULES = YES;
				CLANG_ENABLE_OBJC_ARC = YES;
				CLANG_WARN_BOOL_CONVERSION = YES;
				CLANG_WARN_CONSTANT_CONVERSION = YES;
				CLANG_WARN_DIRECT_OBJC_ISA_USAGE = YES_ERROR;
				CLANG_WARN_EMPTY_BODY = YES;
				CLANG_WARN_ENUM_CONVERSION = YES;
				CLANG_WARN_INT_CONVERSION = YES;
				CLANG_WARN_OBJC_ROOT_CLASS = YES_ERROR;
				CLANG_WARN_UNREACHABLE_CODE = YES;
				CLANG_WARN__DUPLICATE_METHOD_MATCH = YES;
				"CODE_SIGN_IDENTITY[sdk=iphoneos*]" = "iPhone Developer";
				COPY_PHASE_STRIP = NO;
				DEBUG_INFORMATION_FORMAT = dwarf;
				ENABLE_STRICT_OBJC_MSGSEND = YES;
				ENABLE_TESTABILITY = YES;
				GCC_C_LANGUAGE_STANDARD = gnu99;
				GCC_DYNAMIC_NO_PIC = NO;
				GCC_NO_COMMON_BLOCKS = YES;
				GCC_OPTIMIZATION_LEVEL = 0;
				GCC_PREPROCESSOR_DEFINITIONS = (
					"DEBUG=1",
					"$(inherited)",
				);
				GCC_WARN_64_TO_32_BIT_CONVERSION = YES;
				GCC_WARN_ABOUT_RETURN_TYPE = YES_ERROR;
				GCC_WARN_UNDECLARED_SELECTOR = YES;
				GCC_WARN_UNINITIALIZED_AUTOS = YES_AGGRESSIVE;
				GCC_WARN_UNUSED_FUNCTION = YES;
				GCC_WARN_UNUSED_VARIABLE = YES;
				IPHONEOS_DEPLOYMENT_TARGET = 9.0;
				MTL_ENABLE_DEBUG_INFO = YES;
				ONLY_ACTIVE_ARCH = YES;
				SDKROOT = iphoneos;
				SWIFT_OPTIMIZATION_LEVEL = "-Onone";
				TARGETED_DEVICE_FAMILY = "1,2";
			};
			name = Debug;
		};
		4AC7BBE11BC663550001BAE0 /* Release */ = {
			isa = XCBuildConfiguration;
			buildSettings = {
				ALWAYS_SEARCH_USER_PATHS = NO;
				CLANG_CXX_LANGUAGE_STANDARD = "gnu++0x";
				CLANG_CXX_LIBRARY = "libc++";
				CLANG_ENABLE_MODULES = YES;
				CLANG_ENABLE_OBJC_ARC = YES;
				CLANG_WARN_BOOL_CONVERSION = YES;
				CLANG_WARN_CONSTANT_CONVERSION = YES;
				CLANG_WARN_DIRECT_OBJC_ISA_USAGE = YES_ERROR;
				CLANG_WARN_EMPTY_BODY = YES;
				CLANG_WARN_ENUM_CONVERSION = YES;
				CLANG_WARN_INT_CONVERSION = YES;
				CLANG_WARN_OBJC_ROOT_CLASS = YES_ERROR;
				CLANG_WARN_UNREACHABLE_CODE = YES;
				CLANG_WARN__DUPLICATE_METHOD_MATCH = YES;
				"CODE_SIGN_IDENTITY[sdk=iphoneos*]" = "iPhone Developer";
				COPY_PHASE_STRIP = NO;
				DEBUG_INFORMATION_FORMAT = "dwarf-with-dsym";
				ENABLE_NS_ASSERTIONS = NO;
				ENABLE_STRICT_OBJC_MSGSEND = YES;
				GCC_C_LANGUAGE_STANDARD = gnu99;
				GCC_NO_COMMON_BLOCKS = YES;
				GCC_WARN_64_TO_32_BIT_CONVERSION = YES;
				GCC_WARN_ABOUT_RETURN_TYPE = YES_ERROR;
				GCC_WARN_UNDECLARED_SELECTOR = YES;
				GCC_WARN_UNINITIALIZED_AUTOS = YES_AGGRESSIVE;
				GCC_WARN_UNUSED_FUNCTION = YES;
				GCC_WARN_UNUSED_VARIABLE = YES;
				IPHONEOS_DEPLOYMENT_TARGET = 9.0;
				MTL_ENABLE_DEBUG_INFO = NO;
				SDKROOT = iphoneos;
				TARGETED_DEVICE_FAMILY = "1,2";
				VALIDATE_PRODUCT = YES;
			};
			name = Release;
		};
		4AC7BBE31BC663550001BAE0 /* Debug */ = {
			isa = XCBuildConfiguration;
			buildSettings = {
				ASSETCATALOG_COMPILER_APPICON_NAME = AppIcon;
				INFOPLIST_FILE = Trax/Info.plist;
				LD_RUNPATH_SEARCH_PATHS = "$(inherited) @executable_path/Frameworks";
				PRODUCT_BUNDLE_IDENTIFIER = com.nevercry.Trax;
				PRODUCT_NAME = "$(TARGET_NAME)";
			};
			name = Debug;
		};
		4AC7BBE41BC663550001BAE0 /* Release */ = {
			isa = XCBuildConfiguration;
			buildSettings = {
				ASSETCATALOG_COMPILER_APPICON_NAME = AppIcon;
				INFOPLIST_FILE = Trax/Info.plist;
				LD_RUNPATH_SEARCH_PATHS = "$(inherited) @executable_path/Frameworks";
				PRODUCT_BUNDLE_IDENTIFIER = com.nevercry.Trax;
				PRODUCT_NAME = "$(TARGET_NAME)";
			};
			name = Release;
		};
		4AC7BBE61BC663550001BAE0 /* Debug */ = {
			isa = XCBuildConfiguration;
			buildSettings = {
				BUNDLE_LOADER = "$(TEST_HOST)";
				INFOPLIST_FILE = TraxTests/Info.plist;
				LD_RUNPATH_SEARCH_PATHS = "$(inherited) @executable_path/Frameworks @loader_path/Frameworks";
				PRODUCT_BUNDLE_IDENTIFIER = com.nevercry.TraxTests;
				PRODUCT_NAME = "$(TARGET_NAME)";
				TEST_HOST = "$(BUILT_PRODUCTS_DIR)/Trax.app/Trax";
			};
			name = Debug;
		};
		4AC7BBE71BC663550001BAE0 /* Release */ = {
			isa = XCBuildConfiguration;
			buildSettings = {
				BUNDLE_LOADER = "$(TEST_HOST)";
				INFOPLIST_FILE = TraxTests/Info.plist;
				LD_RUNPATH_SEARCH_PATHS = "$(inherited) @executable_path/Frameworks @loader_path/Frameworks";
				PRODUCT_BUNDLE_IDENTIFIER = com.nevercry.TraxTests;
				PRODUCT_NAME = "$(TARGET_NAME)";
				TEST_HOST = "$(BUILT_PRODUCTS_DIR)/Trax.app/Trax";
			};
			name = Release;
		};
		4AC7BBE91BC663550001BAE0 /* Debug */ = {
			isa = XCBuildConfiguration;
			buildSettings = {
				INFOPLIST_FILE = TraxUITests/Info.plist;
				LD_RUNPATH_SEARCH_PATHS = "$(inherited) @executable_path/Frameworks @loader_path/Frameworks";
				PRODUCT_BUNDLE_IDENTIFIER = com.nevercry.TraxUITests;
				PRODUCT_NAME = "$(TARGET_NAME)";
				TEST_TARGET_NAME = Trax;
				USES_XCTRUNNER = YES;
			};
			name = Debug;
		};
		4AC7BBEA1BC663550001BAE0 /* Release */ = {
			isa = XCBuildConfiguration;
			buildSettings = {
				INFOPLIST_FILE = TraxUITests/Info.plist;
				LD_RUNPATH_SEARCH_PATHS = "$(inherited) @executable_path/Frameworks @loader_path/Frameworks";
				PRODUCT_BUNDLE_IDENTIFIER = com.nevercry.TraxUITests;
				PRODUCT_NAME = "$(TARGET_NAME)";
				TEST_TARGET_NAME = Trax;
				USES_XCTRUNNER = YES;
			};
			name = Release;
		};
/* End XCBuildConfiguration section */

/* Begin XCConfigurationList section */
		4AC7BBB51BC663550001BAE0 /* Build configuration list for PBXProject "Trax" */ = {
			isa = XCConfigurationList;
			buildConfigurations = (
				4AC7BBE01BC663550001BAE0 /* Debug */,
				4AC7BBE11BC663550001BAE0 /* Release */,
			);
			defaultConfigurationIsVisible = 0;
			defaultConfigurationName = Release;
		};
		4AC7BBE21BC663550001BAE0 /* Build configuration list for PBXNativeTarget "Trax" */ = {
			isa = XCConfigurationList;
			buildConfigurations = (
				4AC7BBE31BC663550001BAE0 /* Debug */,
				4AC7BBE41BC663550001BAE0 /* Release */,
			);
			defaultConfigurationIsVisible = 0;
			defaultConfigurationName = Release;
		};
		4AC7BBE51BC663550001BAE0 /* Build configuration list for PBXNativeTarget "TraxTests" */ = {
			isa = XCConfigurationList;
			buildConfigurations = (
				4AC7BBE61BC663550001BAE0 /* Debug */,
				4AC7BBE71BC663550001BAE0 /* Release */,
			);
			defaultConfigurationIsVisible = 0;
			defaultConfigurationName = Release;
		};
		4AC7BBE81BC663550001BAE0 /* Build configuration list for PBXNativeTarget "TraxUITests" */ = {
			isa = XCConfigurationList;
			buildConfigurations = (
				4AC7BBE91BC663550001BAE0 /* Debug */,
				4AC7BBEA1BC663550001BAE0 /* Release */,
			);
			defaultConfigurationIsVisible = 0;
			defaultConfigurationName = Release;
		};
/* End XCConfigurationList section */
	};
	rootObject = 4AC7BBB21BC663550001BAE0 /* Project object */;
}
